// !$*UTF8*$!
{
	archiveVersion = 1;
	classes = {
	};
	objectVersion = 56;
	objects = {

/* Begin PBXBuildFile section */
		C1011B0A2BCD6246002D6FF4 /* MainView.swift in Sources */ = {isa = PBXBuildFile; fileRef = C1011B082BCD6246002D6FF4 /* MainView.swift */; };
		C1011B0B2BCD6246002D6FF4 /* MainView.xib in Resources */ = {isa = PBXBuildFile; fileRef = C1011B092BCD6246002D6FF4 /* MainView.xib */; };
		C146FB5A2BCB443C00292129 /* AppDelegate.swift in Sources */ = {isa = PBXBuildFile; fileRef = C146FB592BCB443C00292129 /* AppDelegate.swift */; };
		C146FB632BCB443D00292129 /* Assets.xcassets in Resources */ = {isa = PBXBuildFile; fileRef = C146FB622BCB443D00292129 /* Assets.xcassets */; };
		C146FB662BCB443D00292129 /* LaunchScreen.storyboard in Resources */ = {isa = PBXBuildFile; fileRef = C146FB642BCB443D00292129 /* LaunchScreen.storyboard */; };
		C146FB702BCB459500292129 /* ApiSettings.swift in Sources */ = {isa = PBXBuildFile; fileRef = C146FB6F2BCB459500292129 /* ApiSettings.swift */; };
		C146FB722BCB45F600292129 /* ApiClientBase.swift in Sources */ = {isa = PBXBuildFile; fileRef = C146FB712BCB45F600292129 /* ApiClientBase.swift */; };
		C146FB742BCB469600292129 /* URLRequestDescription.swift in Sources */ = {isa = PBXBuildFile; fileRef = C146FB732BCB469600292129 /* URLRequestDescription.swift */; };
		C146FB762BCB489100292129 /* StringUrlSafe.swift in Sources */ = {isa = PBXBuildFile; fileRef = C146FB752BCB489100292129 /* StringUrlSafe.swift */; };
		C146FB782BCB49D100292129 /* RequestHeaders.swift in Sources */ = {isa = PBXBuildFile; fileRef = C146FB772BCB49D100292129 /* RequestHeaders.swift */; };
		C146FB7A2BCB4C5800292129 /* RequestRoute.swift in Sources */ = {isa = PBXBuildFile; fileRef = C146FB792BCB4C5800292129 /* RequestRoute.swift */; };
		C146FB7C2BCB4E7A00292129 /* ApiError.swift in Sources */ = {isa = PBXBuildFile; fileRef = C146FB7B2BCB4E7A00292129 /* ApiError.swift */; };
		C146FB7E2BCB538A00292129 /* BaseLogger.swift in Sources */ = {isa = PBXBuildFile; fileRef = C146FB7D2BCB538A00292129 /* BaseLogger.swift */; };
/* End PBXBuildFile section */

/* Begin PBXFileReference section */
		C1011B082BCD6246002D6FF4 /* MainView.swift */ = {isa = PBXFileReference; lastKnownFileType = sourcecode.swift; path = MainView.swift; sourceTree = "<group>"; };
		C1011B092BCD6246002D6FF4 /* MainView.xib */ = {isa = PBXFileReference; lastKnownFileType = file.xib; path = MainView.xib; sourceTree = "<group>"; };
		C146FB562BCB443C00292129 /* AppBase.app */ = {isa = PBXFileReference; explicitFileType = wrapper.application; includeInIndex = 0; path = AppBase.app; sourceTree = BUILT_PRODUCTS_DIR; };
		C146FB592BCB443C00292129 /* AppDelegate.swift */ = {isa = PBXFileReference; lastKnownFileType = sourcecode.swift; path = AppDelegate.swift; sourceTree = "<group>"; };
		C146FB622BCB443D00292129 /* Assets.xcassets */ = {isa = PBXFileReference; lastKnownFileType = folder.assetcatalog; path = Assets.xcassets; sourceTree = "<group>"; };
		C146FB652BCB443D00292129 /* Base */ = {isa = PBXFileReference; lastKnownFileType = file.storyboard; name = Base; path = Base.lproj/LaunchScreen.storyboard; sourceTree = "<group>"; };
		C146FB672BCB443D00292129 /* Info.plist */ = {isa = PBXFileReference; lastKnownFileType = text.plist.xml; path = Info.plist; sourceTree = "<group>"; };
		C146FB6F2BCB459500292129 /* ApiSettings.swift */ = {isa = PBXFileReference; lastKnownFileType = sourcecode.swift; path = ApiSettings.swift; sourceTree = "<group>"; };
		C146FB712BCB45F600292129 /* ApiClientBase.swift */ = {isa = PBXFileReference; lastKnownFileType = sourcecode.swift; path = ApiClientBase.swift; sourceTree = "<group>"; };
		C146FB732BCB469600292129 /* URLRequestDescription.swift */ = {isa = PBXFileReference; lastKnownFileType = sourcecode.swift; path = URLRequestDescription.swift; sourceTree = "<group>"; };
		C146FB752BCB489100292129 /* StringUrlSafe.swift */ = {isa = PBXFileReference; lastKnownFileType = sourcecode.swift; path = StringUrlSafe.swift; sourceTree = "<group>"; };
		C146FB772BCB49D100292129 /* RequestHeaders.swift */ = {isa = PBXFileReference; lastKnownFileType = sourcecode.swift; path = RequestHeaders.swift; sourceTree = "<group>"; };
		C146FB792BCB4C5800292129 /* RequestRoute.swift */ = {isa = PBXFileReference; lastKnownFileType = sourcecode.swift; path = RequestRoute.swift; sourceTree = "<group>"; };
		C146FB7B2BCB4E7A00292129 /* ApiError.swift */ = {isa = PBXFileReference; lastKnownFileType = sourcecode.swift; path = ApiError.swift; sourceTree = "<group>"; };
		C146FB7D2BCB538A00292129 /* BaseLogger.swift */ = {isa = PBXFileReference; lastKnownFileType = sourcecode.swift; path = BaseLogger.swift; sourceTree = "<group>"; };
/* End PBXFileReference section */

/* Begin PBXFrameworksBuildPhase section */
		C146FB532BCB443C00292129 /* Frameworks */ = {
			isa = PBXFrameworksBuildPhase;
			buildActionMask = 2147483647;
			files = (
			);
			runOnlyForDeploymentPostprocessing = 0;
		};
/* End PBXFrameworksBuildPhase section */

/* Begin PBXGroup section */
		C1011B062BCD618D002D6FF4 /* Windows */ = {
			isa = PBXGroup;
			children = (
				C1011B072BCD6199002D6FF4 /* Main */,
			);
			path = Windows;
			sourceTree = "<group>";
		};
		C1011B072BCD6199002D6FF4 /* Main */ = {
			isa = PBXGroup;
			children = (
				C1011B082BCD6246002D6FF4 /* MainView.swift */,
				C1011B092BCD6246002D6FF4 /* MainView.xib */,
			);
			path = Main;
			sourceTree = "<group>";
		};
		C1011B0C2BCD63D3002D6FF4 /* App */ = {
			isa = PBXGroup;
			children = (
				C146FB592BCB443C00292129 /* AppDelegate.swift */,
			);
			path = App;
			sourceTree = "<group>";
		};
		C146FB4D2BCB443C00292129 = {
			isa = PBXGroup;
			children = (
				C146FB582BCB443C00292129 /* AppBase */,
				C146FB572BCB443C00292129 /* Products */,
			);
			sourceTree = "<group>";
		};
		C146FB572BCB443C00292129 /* Products */ = {
			isa = PBXGroup;
			children = (
				C146FB562BCB443C00292129 /* AppBase.app */,
			);
			name = Products;
			sourceTree = "<group>";
		};
		C146FB582BCB443C00292129 /* AppBase */ = {
			isa = PBXGroup;
			children = (
				C1011B0C2BCD63D3002D6FF4 /* App */,
				C1011B062BCD618D002D6FF4 /* Windows */,
				C146FB6D2BCB451E00292129 /* Utils */,
				C146FB622BCB443D00292129 /* Assets.xcassets */,
				C146FB642BCB443D00292129 /* LaunchScreen.storyboard */,
				C146FB672BCB443D00292129 /* Info.plist */,
			);
			path = AppBase;
			sourceTree = "<group>";
		};
		C146FB6D2BCB451E00292129 /* Utils */ = {
			isa = PBXGroup;
			children = (
				C146FB7F2BCB539500292129 /* Log */,
				C146FB6E2BCB453200292129 /* Api */,
			);
			path = Utils;
			sourceTree = "<group>";
		};
		C146FB6E2BCB453200292129 /* Api */ = {
			isa = PBXGroup;
			children = (
				C146FB712BCB45F600292129 /* ApiClientBase.swift */,
				C146FB7B2BCB4E7A00292129 /* ApiError.swift */,
				C146FB6F2BCB459500292129 /* ApiSettings.swift */,
				C146FB772BCB49D100292129 /* RequestHeaders.swift */,
				C146FB792BCB4C5800292129 /* RequestRoute.swift */,
				C146FB752BCB489100292129 /* StringUrlSafe.swift */,
				C146FB732BCB469600292129 /* URLRequestDescription.swift */,
			);
			path = Api;
			sourceTree = "<group>";
		};
		C146FB7F2BCB539500292129 /* Log */ = {
			isa = PBXGroup;
			children = (
				C146FB7D2BCB538A00292129 /* BaseLogger.swift */,
			);
			path = Log;
			sourceTree = "<group>";
		};
/* End PBXGroup section */

/* Begin PBXNativeTarget section */
		C146FB552BCB443C00292129 /* AppBase */ = {
			isa = PBXNativeTarget;
			buildConfigurationList = C146FB6A2BCB443D00292129 /* Build configuration list for PBXNativeTarget "AppBase" */;
			buildPhases = (
				C146FB522BCB443C00292129 /* Sources */,
				C146FB532BCB443C00292129 /* Frameworks */,
				C146FB542BCB443C00292129 /* Resources */,
			);
			buildRules = (
			);
			dependencies = (
			);
			name = AppBase;
			productName = AppBase;
			productReference = C146FB562BCB443C00292129 /* AppBase.app */;
			productType = "com.apple.product-type.application";
		};
/* End PBXNativeTarget section */

/* Begin PBXProject section */
		C146FB4E2BCB443C00292129 /* Project object */ = {
			isa = PBXProject;
			attributes = {
				BuildIndependentTargetsInParallel = 1;
				LastSwiftUpdateCheck = 1520;
				LastUpgradeCheck = 1520;
				TargetAttributes = {
					C146FB552BCB443C00292129 = {
						CreatedOnToolsVersion = 15.2;
					};
				};
			};
			buildConfigurationList = C146FB512BCB443C00292129 /* Build configuration list for PBXProject "AppBase" */;
			compatibilityVersion = "Xcode 14.0";
			developmentRegion = en;
			hasScannedForEncodings = 0;
			knownRegions = (
				en,
				Base,
			);
			mainGroup = C146FB4D2BCB443C00292129;
			productRefGroup = C146FB572BCB443C00292129 /* Products */;
			projectDirPath = "";
			projectRoot = "";
			targets = (
				C146FB552BCB443C00292129 /* AppBase */,
			);
		};
/* End PBXProject section */

/* Begin PBXResourcesBuildPhase section */
		C146FB542BCB443C00292129 /* Resources */ = {
			isa = PBXResourcesBuildPhase;
			buildActionMask = 2147483647;
			files = (
				C146FB662BCB443D00292129 /* LaunchScreen.storyboard in Resources */,
				C1011B0B2BCD6246002D6FF4 /* MainView.xib in Resources */,
				C146FB632BCB443D00292129 /* Assets.xcassets in Resources */,
			);
			runOnlyForDeploymentPostprocessing = 0;
		};
/* End PBXResourcesBuildPhase section */

/* Begin PBXSourcesBuildPhase section */
		C146FB522BCB443C00292129 /* Sources */ = {
			isa = PBXSourcesBuildPhase;
			buildActionMask = 2147483647;
			files = (
				C146FB722BCB45F600292129 /* ApiClientBase.swift in Sources */,
				C1011B0A2BCD6246002D6FF4 /* MainView.swift in Sources */,
				C146FB5A2BCB443C00292129 /* AppDelegate.swift in Sources */,
				C146FB7C2BCB4E7A00292129 /* ApiError.swift in Sources */,
				C146FB7E2BCB538A00292129 /* BaseLogger.swift in Sources */,
				C146FB7A2BCB4C5800292129 /* RequestRoute.swift in Sources */,
				C146FB702BCB459500292129 /* ApiSettings.swift in Sources */,
				C146FB782BCB49D100292129 /* RequestHeaders.swift in Sources */,
				C146FB742BCB469600292129 /* URLRequestDescription.swift in Sources */,
				C146FB762BCB489100292129 /* StringUrlSafe.swift in Sources */,
			);
			runOnlyForDeploymentPostprocessing = 0;
		};
/* End PBXSourcesBuildPhase section */

/* Begin PBXVariantGroup section */
		C146FB642BCB443D00292129 /* LaunchScreen.storyboard */ = {
			isa = PBXVariantGroup;
			children = (
				C146FB652BCB443D00292129 /* Base */,
			);
			name = LaunchScreen.storyboard;
			sourceTree = "<group>";
		};
/* End PBXVariantGroup section */

/* Begin XCBuildConfiguration section */
		C146FB682BCB443D00292129 /* Debug */ = {
			isa = XCBuildConfiguration;
			buildSettings = {
				ALWAYS_SEARCH_USER_PATHS = NO;
				ASSETCATALOG_COMPILER_GENERATE_SWIFT_ASSET_SYMBOL_EXTENSIONS = YES;
				CLANG_ANALYZER_NONNULL = YES;
				CLANG_ANALYZER_NUMBER_OBJECT_CONVERSION = YES_AGGRESSIVE;
				CLANG_CXX_LANGUAGE_STANDARD = "gnu++20";
				CLANG_ENABLE_MODULES = YES;
				CLANG_ENABLE_OBJC_ARC = YES;
				CLANG_ENABLE_OBJC_WEAK = YES;
				CLANG_WARN_BLOCK_CAPTURE_AUTORELEASING = YES;
				CLANG_WARN_BOOL_CONVERSION = YES;
				CLANG_WARN_COMMA = YES;
				CLANG_WARN_CONSTANT_CONVERSION = YES;
				CLANG_WARN_DEPRECATED_OBJC_IMPLEMENTATIONS = YES;
				CLANG_WARN_DIRECT_OBJC_ISA_USAGE = YES_ERROR;
				CLANG_WARN_DOCUMENTATION_COMMENTS = YES;
				CLANG_WARN_EMPTY_BODY = YES;
				CLANG_WARN_ENUM_CONVERSION = YES;
				CLANG_WARN_INFINITE_RECURSION = YES;
				CLANG_WARN_INT_CONVERSION = YES;
				CLANG_WARN_NON_LITERAL_NULL_CONVERSION = YES;
				CLANG_WARN_OBJC_IMPLICIT_RETAIN_SELF = YES;
				CLANG_WARN_OBJC_LITERAL_CONVERSION = YES;
				CLANG_WARN_OBJC_ROOT_CLASS = YES_ERROR;
				CLANG_WARN_QUOTED_INCLUDE_IN_FRAMEWORK_HEADER = YES;
				CLANG_WARN_RANGE_LOOP_ANALYSIS = YES;
				CLANG_WARN_STRICT_PROTOTYPES = YES;
				CLANG_WARN_SUSPICIOUS_MOVE = YES;
				CLANG_WARN_UNGUARDED_AVAILABILITY = YES_AGGRESSIVE;
				CLANG_WARN_UNREACHABLE_CODE = YES;
				CLANG_WARN__DUPLICATE_METHOD_MATCH = YES;
				COPY_PHASE_STRIP = NO;
				DEBUG_INFORMATION_FORMAT = dwarf;
				ENABLE_STRICT_OBJC_MSGSEND = YES;
				ENABLE_TESTABILITY = YES;
				ENABLE_USER_SCRIPT_SANDBOXING = YES;
				GCC_C_LANGUAGE_STANDARD = gnu17;
				GCC_DYNAMIC_NO_PIC = NO;
				GCC_NO_COMMON_BLOCKS = YES;
				GCC_OPTIMIZATION_LEVEL = 0;
				GCC_PREPROCESSOR_DEFINITIONS = (
					"DEBUG=1",
					"$(inherited)",
				);
				GCC_WARN_64_TO_32_BIT_CONVERSION = YES;
				GCC_WARN_ABOUT_RETURN_TYPE = YES_ERROR;
				GCC_WARN_UNDECLARED_SELECTOR = YES;
				GCC_WARN_UNINITIALIZED_AUTOS = YES_AGGRESSIVE;
				GCC_WARN_UNUSED_FUNCTION = YES;
				GCC_WARN_UNUSED_VARIABLE = YES;
				IPHONEOS_DEPLOYMENT_TARGET = 17.2;
				LOCALIZATION_PREFERS_STRING_CATALOGS = YES;
				MTL_ENABLE_DEBUG_INFO = INCLUDE_SOURCE;
				MTL_FAST_MATH = YES;
				ONLY_ACTIVE_ARCH = YES;
				SDKROOT = iphoneos;
				SWIFT_ACTIVE_COMPILATION_CONDITIONS = "DEBUG $(inherited)";
				SWIFT_OPTIMIZATION_LEVEL = "-Onone";
			};
			name = Debug;
		};
		C146FB692BCB443D00292129 /* Release */ = {
			isa = XCBuildConfiguration;
			buildSettings = {
				ALWAYS_SEARCH_USER_PATHS = NO;
				ASSETCATALOG_COMPILER_GENERATE_SWIFT_ASSET_SYMBOL_EXTENSIONS = YES;
				CLANG_ANALYZER_NONNULL = YES;
				CLANG_ANALYZER_NUMBER_OBJECT_CONVERSION = YES_AGGRESSIVE;
				CLANG_CXX_LANGUAGE_STANDARD = "gnu++20";
				CLANG_ENABLE_MODULES = YES;
				CLANG_ENABLE_OBJC_ARC = YES;
				CLANG_ENABLE_OBJC_WEAK = YES;
				CLANG_WARN_BLOCK_CAPTURE_AUTORELEASING = YES;
				CLANG_WARN_BOOL_CONVERSION = YES;
				CLANG_WARN_COMMA = YES;
				CLANG_WARN_CONSTANT_CONVERSION = YES;
				CLANG_WARN_DEPRECATED_OBJC_IMPLEMENTATIONS = YES;
				CLANG_WARN_DIRECT_OBJC_ISA_USAGE = YES_ERROR;
				CLANG_WARN_DOCUMENTATION_COMMENTS = YES;
				CLANG_WARN_EMPTY_BODY = YES;
				CLANG_WARN_ENUM_CONVERSION = YES;
				CLANG_WARN_INFINITE_RECURSION = YES;
				CLANG_WARN_INT_CONVERSION = YES;
				CLANG_WARN_NON_LITERAL_NULL_CONVERSION = YES;
				CLANG_WARN_OBJC_IMPLICIT_RETAIN_SELF = YES;
				CLANG_WARN_OBJC_LITERAL_CONVERSION = YES;
				CLANG_WARN_OBJC_ROOT_CLASS = YES_ERROR;
				CLANG_WARN_QUOTED_INCLUDE_IN_FRAMEWORK_HEADER = YES;
				CLANG_WARN_RANGE_LOOP_ANALYSIS = YES;
				CLANG_WARN_STRICT_PROTOTYPES = YES;
				CLANG_WARN_SUSPICIOUS_MOVE = YES;
				CLANG_WARN_UNGUARDED_AVAILABILITY = YES_AGGRESSIVE;
				CLANG_WARN_UNREACHABLE_CODE = YES;
				CLANG_WARN__DUPLICATE_METHOD_MATCH = YES;
				COPY_PHASE_STRIP = NO;
				DEBUG_INFORMATION_FORMAT = "dwarf-with-dsym";
				ENABLE_NS_ASSERTIONS = NO;
				ENABLE_STRICT_OBJC_MSGSEND = YES;
				ENABLE_USER_SCRIPT_SANDBOXING = YES;
				GCC_C_LANGUAGE_STANDARD = gnu17;
				GCC_NO_COMMON_BLOCKS = YES;
				GCC_WARN_64_TO_32_BIT_CONVERSION = YES;
				GCC_WARN_ABOUT_RETURN_TYPE = YES_ERROR;
				GCC_WARN_UNDECLARED_SELECTOR = YES;
				GCC_WARN_UNINITIALIZED_AUTOS = YES_AGGRESSIVE;
				GCC_WARN_UNUSED_FUNCTION = YES;
				GCC_WARN_UNUSED_VARIABLE = YES;
				IPHONEOS_DEPLOYMENT_TARGET = 17.2;
				LOCALIZATION_PREFERS_STRING_CATALOGS = YES;
				MTL_ENABLE_DEBUG_INFO = NO;
				MTL_FAST_MATH = YES;
				SDKROOT = iphoneos;
				SWIFT_COMPILATION_MODE = wholemodule;
				VALIDATE_PRODUCT = YES;
			};
			name = Release;
		};
		C146FB6B2BCB443D00292129 /* Debug */ = {
			isa = XCBuildConfiguration;
			buildSettings = {
				ASSETCATALOG_COMPILER_APPICON_NAME = AppIcon;
				ASSETCATALOG_COMPILER_GLOBAL_ACCENT_COLOR_NAME = AccentColor;
				CODE_SIGN_STYLE = Automatic;
				CURRENT_PROJECT_VERSION = 1;
				DEVELOPMENT_TEAM = 8VW3NBHS54;
				GENERATE_INFOPLIST_FILE = YES;
				INFOPLIST_FILE = AppBase/Info.plist;
				INFOPLIST_KEY_UIApplicationSupportsIndirectInputEvents = YES;
				INFOPLIST_KEY_UILaunchStoryboardName = LaunchScreen;
				INFOPLIST_KEY_UISupportedInterfaceOrientations_iPad = "UIInterfaceOrientationPortrait UIInterfaceOrientationPortraitUpsideDown UIInterfaceOrientationLandscapeLeft UIInterfaceOrientationLandscapeRight";
				INFOPLIST_KEY_UISupportedInterfaceOrientations_iPhone = "UIInterfaceOrientationPortrait UIInterfaceOrientationLandscapeLeft UIInterfaceOrientationLandscapeRight";
				LD_RUNPATH_SEARCH_PATHS = (
					"$(inherited)",
					"@executable_path/Frameworks",
				);
				MARKETING_VERSION = 1.0;
				PRODUCT_BUNDLE_IDENTIFIER = semyonish.AppBase;
				PRODUCT_NAME = "$(TARGET_NAME)";
				SWIFT_EMIT_LOC_STRINGS = YES;
				SWIFT_STRICT_CONCURRENCY = complete;
				SWIFT_VERSION = 5.0;
				TARGETED_DEVICE_FAMILY = "1,2";
			};
			name = Debug;
		};
		C146FB6C2BCB443D00292129 /* Release */ = {
			isa = XCBuildConfiguration;
			buildSettings = {
				ASSETCATALOG_COMPILER_APPICON_NAME = AppIcon;
				ASSETCATALOG_COMPILER_GLOBAL_ACCENT_COLOR_NAME = AccentColor;
				CODE_SIGN_STYLE = Automatic;
				CURRENT_PROJECT_VERSION = 1;
				DEVELOPMENT_TEAM = 8VW3NBHS54;
				GENERATE_INFOPLIST_FILE = YES;
				INFOPLIST_FILE = AppBase/Info.plist;
				INFOPLIST_KEY_UIApplicationSupportsIndirectInputEvents = YES;
				INFOPLIST_KEY_UILaunchStoryboardName = LaunchScreen;
				INFOPLIST_KEY_UISupportedInterfaceOrientations_iPad = "UIInterfaceOrientationPortrait UIInterfaceOrientationPortraitUpsideDown UIInterfaceOrientationLandscapeLeft UIInterfaceOrientationLandscapeRight";
				INFOPLIST_KEY_UISupportedInterfaceOrientations_iPhone = "UIInterfaceOrientationPortrait UIInterfaceOrientationLandscapeLeft UIInterfaceOrientationLandscapeRight";
				LD_RUNPATH_SEARCH_PATHS = (
					"$(inherited)",
					"@executable_path/Frameworks",
				);
				MARKETING_VERSION = 1.0;
				PRODUCT_BUNDLE_IDENTIFIER = semyonish.AppBase;
				PRODUCT_NAME = "$(TARGET_NAME)";
				SWIFT_EMIT_LOC_STRINGS = YES;
				SWIFT_STRICT_CONCURRENCY = complete;
				SWIFT_VERSION = 5.0;
				TARGETED_DEVICE_FAMILY = "1,2";
			};
			name = Release;
		};
/* End XCBuildConfiguration section */

/* Begin XCConfigurationList section */
		C146FB512BCB443C00292129 /* Build configuration list for PBXProject "AppBase" */ = {
			isa = XCConfigurationList;
			buildConfigurations = (
				C146FB682BCB443D00292129 /* Debug */,
				C146FB692BCB443D00292129 /* Release */,
			);
			defaultConfigurationIsVisible = 0;
			defaultConfigurationName = Release;
		};
		C146FB6A2BCB443D00292129 /* Build configuration list for PBXNativeTarget "AppBase" */ = {
			isa = XCConfigurationList;
			buildConfigurations = (
				C146FB6B2BCB443D00292129 /* Debug */,
				C146FB6C2BCB443D00292129 /* Release */,
			);
			defaultConfigurationIsVisible = 0;
			defaultConfigurationName = Release;
		};
/* End XCConfigurationList section */
	};
	rootObject = C146FB4E2BCB443C00292129 /* Project object */;
}
